
Microsoft Visual Studio Solution File, Format Version 12.00
# Visual Studio 15
VisualStudioVersion = 15.0.28010.2046
MinimumVisualStudioVersion = 10.0.40219.1
Project("{9A19103F-16F7-4668-BE54-9A1E7A4F7556}") = "FirstProject", "FirstProject\FirstProject.csproj", "{3B7A3608-17CF-4B77-8A56-059572365081}"
EndProject
Project("{9A19103F-16F7-4668-BE54-9A1E7A4F7556}") = "ElasticSearch", "ElasticSearch\ElasticSearch.csproj", "{4EE22769-0E36-4601-B666-6C0F3FD925A6}"
EndProject
Project("{2150E333-8FDC-42A3-9474-1A3956D46DE8}") = "Core", "Core", "{7145DD6B-B211-41C5-BC2F-64730360E191}"
EndProject
Project("{2150E333-8FDC-42A3-9474-1A3956D46DE8}") = "4 - Infrastructutes", "4 - Infrastructutes", "{427FB3C9-1D9E-4300-8626-DC2A48B246E5}"
EndProject
Project("{2150E333-8FDC-42A3-9474-1A3956D46DE8}") = "2 - Applications", "2 - Applications", "{FE9BDE4B-1852-4320-A2C1-96A885F8719F}"
EndProject
Project("{2150E333-8FDC-42A3-9474-1A3956D46DE8}") = "3 - Domains", "3 - Domains", "{33EA64F3-C76E-43B2-B30D-2E31DCB2752A}"
EndProject
Project("{9A19103F-16F7-4668-BE54-9A1E7A4F7556}") = "FirstProject.InfrastructureLayer", "FirstProject.InfrastructureLayer\FirstProject.InfrastructureLayer.csproj", "{C07B6798-3CF8-4404-A4ED-8C1CD177D346}"
EndProject
Project("{9A19103F-16F7-4668-BE54-9A1E7A4F7556}") = "FirstProject.ApplicationLayer", "FirstProject.ApplicationLayer\FirstProject.ApplicationLayer.csproj", "{74D5F8D4-02ED-400B-9694-2125C183F338}"
EndProject
Project("{9A19103F-16F7-4668-BE54-9A1E7A4F7556}") = "FirstProject.Data", "FirstProject.Data\FirstProject.Data.csproj", "{9E00706F-D867-44E1-93C3-529DA64D341F}"
EndProject
Project("{9A19103F-16F7-4668-BE54-9A1E7A4F7556}") = "FirstProject.DomainLayer", "FirstProject.DomainLayer\FirstProject.DomainLayer.csproj", "{8F0C90F3-0B04-41E4-8F6D-9135BA800490}"
EndProject
Project("{2150E333-8FDC-42A3-9474-1A3956D46DE8}") = "1 - Presentation", "1 - Presentation", "{41A661EE-FBA0-4FC9-9A2D-F9D77C3A2741}"
EndProject
Project("{9A19103F-16F7-4668-BE54-9A1E7A4F7556}") = "FirstProject.Utilities", "FirstProject.Utilities\FirstProject.Utilities.csproj", "{26619B0B-60D0-4055-AB40-DEE8691F14FC}"
EndProject
Project("{FAE04EC0-301F-11D3-BF4B-00C04F79EFBC}") = "FirstProject.Data.EF", "FirstProject.Data.EF\FirstProject.Data.EF.csproj", "{5426FC60-CCB0-4316-AA50-2748CC92DC5B}"
EndProject
Global
	GlobalSection(SolutionConfigurationPlatforms) = preSolution
		Debug|Any CPU = Debug|Any CPU
		Release|Any CPU = Release|Any CPU
	EndGlobalSection
	GlobalSection(ProjectConfigurationPlatforms) = postSolution
		{3B7A3608-17CF-4B77-8A56-059572365081}.Debug|Any CPU.ActiveCfg = Debug|Any CPU
		{3B7A3608-17CF-4B77-8A56-059572365081}.Debug|Any CPU.Build.0 = Debug|Any CPU
		{3B7A3608-17CF-4B77-8A56-059572365081}.Release|Any CPU.ActiveCfg = Release|Any CPU
		{3B7A3608-17CF-4B77-8A56-059572365081}.Release|Any CPU.Build.0 = Release|Any CPU
		{4EE22769-0E36-4601-B666-6C0F3FD925A6}.Debug|Any CPU.ActiveCfg = Debug|Any CPU
		{4EE22769-0E36-4601-B666-6C0F3FD925A6}.Debug|Any CPU.Build.0 = Debug|Any CPU
		{4EE22769-0E36-4601-B666-6C0F3FD925A6}.Release|Any CPU.ActiveCfg = Release|Any CPU
		{4EE22769-0E36-4601-B666-6C0F3FD925A6}.Release|Any CPU.Build.0 = Release|Any CPU
		{C07B6798-3CF8-4404-A4ED-8C1CD177D346}.Debug|Any CPU.ActiveCfg = Debug|Any CPU
		{C07B6798-3CF8-4404-A4ED-8C1CD177D346}.Debug|Any CPU.Build.0 = Debug|Any CPU
		{C07B6798-3CF8-4404-A4ED-8C1CD177D346}.Release|Any CPU.ActiveCfg = Release|Any CPU
		{C07B6798-3CF8-4404-A4ED-8C1CD177D346}.Release|Any CPU.Build.0 = Release|Any CPU
		{74D5F8D4-02ED-400B-9694-2125C183F338}.Debug|Any CPU.ActiveCfg = Debug|Any CPU
		{74D5F8D4-02ED-400B-9694-2125C183F338}.Debug|Any CPU.Build.0 = Debug|Any CPU
		{74D5F8D4-02ED-400B-9694-2125C183F338}.Release|Any CPU.ActiveCfg = Release|Any CPU
		{74D5F8D4-02ED-400B-9694-2125C183F338}.Release|Any CPU.Build.0 = Release|Any CPU
		{9E00706F-D867-44E1-93C3-529DA64D341F}.Debug|Any CPU.ActiveCfg = Debug|Any CPU
		{9E00706F-D867-44E1-93C3-529DA64D341F}.Debug|Any CPU.Build.0 = Debug|Any CPU
		{9E00706F-D867-44E1-93C3-529DA64D341F}.Release|Any CPU.ActiveCfg = Release|Any CPU
		{9E00706F-D867-44E1-93C3-529DA64D341F}.Release|Any CPU.Build.0 = Release|Any CPU
		{8F0C90F3-0B04-41E4-8F6D-9135BA800490}.Debug|Any CPU.ActiveCfg = Debug|Any CPU
		{8F0C90F3-0B04-41E4-8F6D-9135BA800490}.Debug|Any CPU.Build.0 = Debug|Any CPU
		{8F0C90F3-0B04-41E4-8F6D-9135BA800490}.Release|Any CPU.ActiveCfg = Release|Any CPU
		{8F0C90F3-0B04-41E4-8F6D-9135BA800490}.Release|Any CPU.Build.0 = Release|Any CPU
		{26619B0B-60D0-4055-AB40-DEE8691F14FC}.Debug|Any CPU.ActiveCfg = Debug|Any CPU
		{26619B0B-60D0-4055-AB40-DEE8691F14FC}.Debug|Any CPU.Build.0 = Debug|Any CPU
		{26619B0B-60D0-4055-AB40-DEE8691F14FC}.Release|Any CPU.ActiveCfg = Release|Any CPU
		{26619B0B-60D0-4055-AB40-DEE8691F14FC}.Release|Any CPU.Build.0 = Release|Any CPU
		{5426FC60-CCB0-4316-AA50-2748CC92DC5B}.Debug|Any CPU.ActiveCfg = Debug|Any CPU
		{5426FC60-CCB0-4316-AA50-2748CC92DC5B}.Debug|Any CPU.Build.0 = Debug|Any CPU
		{5426FC60-CCB0-4316-AA50-2748CC92DC5B}.Release|Any CPU.ActiveCfg = Release|Any CPU
		{5426FC60-CCB0-4316-AA50-2748CC92DC5B}.Release|Any CPU.Build.0 = Release|Any CPU
	EndGlobalSection
	GlobalSection(SolutionProperties) = preSolution
		HideSolutionNode = FALSE
	EndGlobalSection
	GlobalSection(NestedProjects) = preSolution
		{3B7A3608-17CF-4B77-8A56-059572365081} = {41A661EE-FBA0-4FC9-9A2D-F9D77C3A2741}
		{427FB3C9-1D9E-4300-8626-DC2A48B246E5} = {7145DD6B-B211-41C5-BC2F-64730360E191}
		{FE9BDE4B-1852-4320-A2C1-96A885F8719F} = {7145DD6B-B211-41C5-BC2F-64730360E191}
		{33EA64F3-C76E-43B2-B30D-2E31DCB2752A} = {7145DD6B-B211-41C5-BC2F-64730360E191}
		{C07B6798-3CF8-4404-A4ED-8C1CD177D346} = {427FB3C9-1D9E-4300-8626-DC2A48B246E5}
		{74D5F8D4-02ED-400B-9694-2125C183F338} = {FE9BDE4B-1852-4320-A2C1-96A885F8719F}
		{9E00706F-D867-44E1-93C3-529DA64D341F} = {33EA64F3-C76E-43B2-B30D-2E31DCB2752A}
		{8F0C90F3-0B04-41E4-8F6D-9135BA800490} = {33EA64F3-C76E-43B2-B30D-2E31DCB2752A}
		{41A661EE-FBA0-4FC9-9A2D-F9D77C3A2741} = {7145DD6B-B211-41C5-BC2F-64730360E191}
		{26619B0B-60D0-4055-AB40-DEE8691F14FC} = {427FB3C9-1D9E-4300-8626-DC2A48B246E5}
		{5426FC60-CCB0-4316-AA50-2748CC92DC5B} = {33EA64F3-C76E-43B2-B30D-2E31DCB2752A}
	EndGlobalSection
	GlobalSection(ExtensibilityGlobals) = postSolution
		SolutionGuid = {DDCA8877-A945-4BB6-83CF-D72B796AC222}
	EndGlobalSection
EndGlobal
